
Microsoft Visual Studio Solution File, Format Version 12.00
# Visual Studio 14
VisualStudioVersion = 14.0.25420.1
MinimumVisualStudioVersion = 10.0.40219.1
Project("{00D1A9C2-B5F0-4AF3-8072-F6C62B433612}") = "BearhugDB", "BearhugDB\BearhugDB.sqlproj", "{D1243DFE-91DB-4A70-921A-6E4B139286B5}"
EndProject
Project("{FAE04EC0-301F-11D3-BF4B-00C04F79EFBC}") = "WebApp", "WebApp\WebApp.csproj", "{D2A3C38A-50A0-473F-B3F9-7C91A397781A}"
EndProject
Project("{FAE04EC0-301F-11D3-BF4B-00C04F79EFBC}") = "BearhugUnitTestProject", "BearhugUnitTestProject\BearhugUnitTestProject.csproj", "{4BC20C16-AE10-4EE6-9EC0-FCED939946C2}"
EndProject
Global
	GlobalSection(SolutionConfigurationPlatforms) = preSolution
		Debug|Any CPU = Debug|Any CPU
		Release|Any CPU = Release|Any CPU
	EndGlobalSection
	GlobalSection(ProjectConfigurationPlatforms) = postSolution
		{D1243DFE-91DB-4A70-921A-6E4B139286B5}.Debug|Any CPU.ActiveCfg = Debug|Any CPU
		{D1243DFE-91DB-4A70-921A-6E4B139286B5}.Debug|Any CPU.Build.0 = Debug|Any CPU
		{D1243DFE-91DB-4A70-921A-6E4B139286B5}.Debug|Any CPU.Deploy.0 = Debug|Any CPU
		{D1243DFE-91DB-4A70-921A-6E4B139286B5}.Release|Any CPU.ActiveCfg = Release|Any CPU
		{D1243DFE-91DB-4A70-921A-6E4B139286B5}.Release|Any CPU.Build.0 = Release|Any CPU
		{D1243DFE-91DB-4A70-921A-6E4B139286B5}.Release|Any CPU.Deploy.0 = Release|Any CPU
		{D2A3C38A-50A0-473F-B3F9-7C91A397781A}.Debug|Any CPU.ActiveCfg = Debug|Any CPU
		{D2A3C38A-50A0-473F-B3F9-7C91A397781A}.Debug|Any CPU.Build.0 = Debug|Any CPU
		{D2A3C38A-50A0-473F-B3F9-7C91A397781A}.Release|Any CPU.ActiveCfg = Release|Any CPU
		{D2A3C38A-50A0-473F-B3F9-7C91A397781A}.Release|Any CPU.Build.0 = Release|Any CPU
		{4BC20C16-AE10-4EE6-9EC0-FCED939946C2}.Debug|Any CPU.ActiveCfg = Debug|Any CPU
		{4BC20C16-AE10-4EE6-9EC0-FCED939946C2}.Debug|Any CPU.Build.0 = Debug|Any CPU
		{4BC20C16-AE10-4EE6-9EC0-FCED939946C2}.Release|Any CPU.ActiveCfg = Release|Any CPU
		{4BC20C16-AE10-4EE6-9EC0-FCED939946C2}.Release|Any CPU.Build.0 = Release|Any CPU
	EndGlobalSection
	GlobalSection(SolutionProperties) = preSolution
		HideSolutionNode = FALSE
	EndGlobalSection
EndGlobal
